
Microsoft Visual Studio Solution File, Format Version 12.00
# Visual Studio Version 17
VisualStudioVersion = 17.0.31903.59
MinimumVisualStudioVersion = 10.0.40219.1
Project("{2150E333-8FDC-42A3-9474-1A3956D46DE8}") = "src", "src", "{827E0CD3-B72D-47B6-A68D-7590B98EB39B}"
EndProject
Project("{FAE04EC0-301F-11D3-BF4B-00C04F79EFBC}") = "VisionSharp.Abstractions", "src\VisionSharp.Abstractions\VisionSharp.Abstractions.csproj", "{F515C564-25F7-45FD-BC94-77C362713A85}"
EndProject
Project("{FAE04EC0-301F-11D3-BF4B-00C04F79EFBC}") = "VisionSharp.Core", "src\VisionSharp.Core\VisionSharp.Core.csproj", "{0A548738-C4C6-4CFA-8A9F-0823FF97C091}"
EndProject
Project("{FAE04EC0-301F-11D3-BF4B-00C04F79EFBC}") = "VisionSharp.Drawing", "src\VisionSharp.Drawing\VisionSharp.Drawing.csproj", "{B0D3E0A5-B2A0-426E-988C-02FF4DF3F8E3}"
EndProject
Project("{FAE04EC0-301F-11D3-BF4B-00C04F79EFBC}") = "VisionSharp.Processing", "src\VisionSharp.Processing\VisionSharp.Processing.csproj", "{1F5E7F72-9D51-4D1E-BFE0-26060A83A48B}"
EndProject
Project("{FAE04EC0-301F-11D3-BF4B-00C04F79EFBC}") = "VisionSharp.Formats", "src\VisionSharp.Formats\VisionSharp.Formats.csproj", "{1EE6F65C-5001-4FF0-8683-170A33E7A49E}"
EndProject
Project("{FAE04EC0-301F-11D3-BF4B-00C04F79EFBC}") = "VisionSharp.Extensions", "src\VisionSharp.Extensions\VisionSharp.Extensions.csproj", "{AC6AAC33-8639-4FBB-B5DB-83917378FAE2}"
EndProject
Project("{FAE04EC0-301F-11D3-BF4B-00C04F79EFBC}") = "VisionSharp", "src\VisionSharp\VisionSharp.csproj", "{F7BF6398-9B59-459E-B813-CFDA8EA53034}"
EndProject
Project("{2150E333-8FDC-42A3-9474-1A3956D46DE8}") = "samples", "samples", "{5D20AA90-6969-D8BD-9DCD-8634F4692FDA}"
EndProject
Project("{FAE04EC0-301F-11D3-BF4B-00C04F79EFBC}") = "VisionSharp.ConsoleDemo", "samples\VisionSharp.ConsoleDemo\VisionSharp.ConsoleDemo.csproj", "{6E3C8A63-1A35-403F-BD45-B432C2956B96}"
EndProject
Project("{2150E333-8FDC-42A3-9474-1A3956D46DE8}") = "tests", "tests", "{0AB3BF05-4346-4AA6-1389-037BE0695223}"
EndProject
Project("{FAE04EC0-301F-11D3-BF4B-00C04F79EFBC}") = "VisionSharp.UnitTests", "tests\VisionSharp.UnitTests\VisionSharp.UnitTests.csproj", "{926EBD70-54B4-44E8-9855-60F5EBF56AAD}"
EndProject
Project("{FAE04EC0-301F-11D3-BF4B-00C04F79EFBC}") = "VisionSharp.IntegrationTests", "tests\VisionSharp.IntegrationTests\VisionSharp.IntegrationTests.csproj", "{093C65C2-28E0-4A57-A5BC-A7A9060C0454}"
EndProject
Project("{FAE04EC0-301F-11D3-BF4B-00C04F79EFBC}") = "VisionSharp.Benchmarks", "tests\VisionSharp.Benchmarks\VisionSharp.Benchmarks.csproj", "{1AA191B3-8C58-4BCF-B87C-001D8C0F0C69}"
EndProject
Project("{2150E333-8FDC-42A3-9474-1A3956D46DE8}") = "SolutionFolder", "SolutionFolder", "{93D82F42-C3AA-4BA6-A5EA-BFA1137EF3EF}"
	ProjectSection(SolutionItems) = preProject
		README.md = README.md
		.gitignore = .gitignore
		.github\workflows\build_and_test.yaml = .github\workflows\build_and_test.yaml
		.github\workflows\publish.yaml = .github\workflows\publish.yaml
	EndProjectSection
EndProject
Project("{FAE04EC0-301F-11D3-BF4B-00C04F79EFBC}") = "VisionSharp.BlazorDemo", "samples\VisionSharp.BlazorDemo\VisionSharp.BlazorDemo.csproj", "{06691C11-8A7B-4A83-8E18-70563E19FCB7}"
EndProject
Global
	GlobalSection(SolutionConfigurationPlatforms) = preSolution
		Debug|Any CPU = Debug|Any CPU
		Debug|x64 = Debug|x64
		Debug|x86 = Debug|x86
		Release|Any CPU = Release|Any CPU
		Release|x64 = Release|x64
		Release|x86 = Release|x86
	EndGlobalSection
	GlobalSection(ProjectConfigurationPlatforms) = postSolution
		{F515C564-25F7-45FD-BC94-77C362713A85}.Debug|Any CPU.ActiveCfg = Debug|Any CPU
		{F515C564-25F7-45FD-BC94-77C362713A85}.Debug|Any CPU.Build.0 = Debug|Any CPU
		{F515C564-25F7-45FD-BC94-77C362713A85}.Debug|x64.ActiveCfg = Debug|Any CPU
		{F515C564-25F7-45FD-BC94-77C362713A85}.Debug|x64.Build.0 = Debug|Any CPU
		{F515C564-25F7-45FD-BC94-77C362713A85}.Debug|x86.ActiveCfg = Debug|Any CPU
		{F515C564-25F7-45FD-BC94-77C362713A85}.Debug|x86.Build.0 = Debug|Any CPU
		{F515C564-25F7-45FD-BC94-77C362713A85}.Release|Any CPU.ActiveCfg = Release|Any CPU
		{F515C564-25F7-45FD-BC94-77C362713A85}.Release|Any CPU.Build.0 = Release|Any CPU
		{F515C564-25F7-45FD-BC94-77C362713A85}.Release|x64.ActiveCfg = Release|Any CPU
		{F515C564-25F7-45FD-BC94-77C362713A85}.Release|x64.Build.0 = Release|Any CPU
		{F515C564-25F7-45FD-BC94-77C362713A85}.Release|x86.ActiveCfg = Release|Any CPU
		{F515C564-25F7-45FD-BC94-77C362713A85}.Release|x86.Build.0 = Release|Any CPU
		{0A548738-C4C6-4CFA-8A9F-0823FF97C091}.Debug|Any CPU.ActiveCfg = Debug|Any CPU
		{0A548738-C4C6-4CFA-8A9F-0823FF97C091}.Debug|Any CPU.Build.0 = Debug|Any CPU
		{0A548738-C4C6-4CFA-8A9F-0823FF97C091}.Debug|x64.ActiveCfg = Debug|Any CPU
		{0A548738-C4C6-4CFA-8A9F-0823FF97C091}.Debug|x64.Build.0 = Debug|Any CPU
		{0A548738-C4C6-4CFA-8A9F-0823FF97C091}.Debug|x86.ActiveCfg = Debug|Any CPU
		{0A548738-C4C6-4CFA-8A9F-0823FF97C091}.Debug|x86.Build.0 = Debug|Any CPU
		{0A548738-C4C6-4CFA-8A9F-0823FF97C091}.Release|Any CPU.ActiveCfg = Release|Any CPU
		{0A548738-C4C6-4CFA-8A9F-0823FF97C091}.Release|Any CPU.Build.0 = Release|Any CPU
		{0A548738-C4C6-4CFA-8A9F-0823FF97C091}.Release|x64.ActiveCfg = Release|Any CPU
		{0A548738-C4C6-4CFA-8A9F-0823FF97C091}.Release|x64.Build.0 = Release|Any CPU
		{0A548738-C4C6-4CFA-8A9F-0823FF97C091}.Release|x86.ActiveCfg = Release|Any CPU
		{0A548738-C4C6-4CFA-8A9F-0823FF97C091}.Release|x86.Build.0 = Release|Any CPU
		{B0D3E0A5-B2A0-426E-988C-02FF4DF3F8E3}.Debug|Any CPU.ActiveCfg = Debug|Any CPU
		{B0D3E0A5-B2A0-426E-988C-02FF4DF3F8E3}.Debug|Any CPU.Build.0 = Debug|Any CPU
		{B0D3E0A5-B2A0-426E-988C-02FF4DF3F8E3}.Debug|x64.ActiveCfg = Debug|Any CPU
		{B0D3E0A5-B2A0-426E-988C-02FF4DF3F8E3}.Debug|x64.Build.0 = Debug|Any CPU
		{B0D3E0A5-B2A0-426E-988C-02FF4DF3F8E3}.Debug|x86.ActiveCfg = Debug|Any CPU
		{B0D3E0A5-B2A0-426E-988C-02FF4DF3F8E3}.Debug|x86.Build.0 = Debug|Any CPU
		{B0D3E0A5-B2A0-426E-988C-02FF4DF3F8E3}.Release|Any CPU.ActiveCfg = Release|Any CPU
		{B0D3E0A5-B2A0-426E-988C-02FF4DF3F8E3}.Release|Any CPU.Build.0 = Release|Any CPU
		{B0D3E0A5-B2A0-426E-988C-02FF4DF3F8E3}.Release|x64.ActiveCfg = Release|Any CPU
		{B0D3E0A5-B2A0-426E-988C-02FF4DF3F8E3}.Release|x64.Build.0 = Release|Any CPU
		{B0D3E0A5-B2A0-426E-988C-02FF4DF3F8E3}.Release|x86.ActiveCfg = Release|Any CPU
		{B0D3E0A5-B2A0-426E-988C-02FF4DF3F8E3}.Release|x86.Build.0 = Release|Any CPU
		{1F5E7F72-9D51-4D1E-BFE0-26060A83A48B}.Debug|Any CPU.ActiveCfg = Debug|Any CPU
		{1F5E7F72-9D51-4D1E-BFE0-26060A83A48B}.Debug|Any CPU.Build.0 = Debug|Any CPU
		{1F5E7F72-9D51-4D1E-BFE0-26060A83A48B}.Debug|x64.ActiveCfg = Debug|Any CPU
		{1F5E7F72-9D51-4D1E-BFE0-26060A83A48B}.Debug|x64.Build.0 = Debug|Any CPU
		{1F5E7F72-9D51-4D1E-BFE0-26060A83A48B}.Debug|x86.ActiveCfg = Debug|Any CPU
		{1F5E7F72-9D51-4D1E-BFE0-26060A83A48B}.Debug|x86.Build.0 = Debug|Any CPU
		{1F5E7F72-9D51-4D1E-BFE0-26060A83A48B}.Release|Any CPU.ActiveCfg = Release|Any CPU
		{1F5E7F72-9D51-4D1E-BFE0-26060A83A48B}.Release|Any CPU.Build.0 = Release|Any CPU
		{1F5E7F72-9D51-4D1E-BFE0-26060A83A48B}.Release|x64.ActiveCfg = Release|Any CPU
		{1F5E7F72-9D51-4D1E-BFE0-26060A83A48B}.Release|x64.Build.0 = Release|Any CPU
		{1F5E7F72-9D51-4D1E-BFE0-26060A83A48B}.Release|x86.ActiveCfg = Release|Any CPU
		{1F5E7F72-9D51-4D1E-BFE0-26060A83A48B}.Release|x86.Build.0 = Release|Any CPU
		{1EE6F65C-5001-4FF0-8683-170A33E7A49E}.Debug|Any CPU.ActiveCfg = Debug|Any CPU
		{1EE6F65C-5001-4FF0-8683-170A33E7A49E}.Debug|Any CPU.Build.0 = Debug|Any CPU
		{1EE6F65C-5001-4FF0-8683-170A33E7A49E}.Debug|x64.ActiveCfg = Debug|Any CPU
		{1EE6F65C-5001-4FF0-8683-170A33E7A49E}.Debug|x64.Build.0 = Debug|Any CPU
		{1EE6F65C-5001-4FF0-8683-170A33E7A49E}.Debug|x86.ActiveCfg = Debug|Any CPU
		{1EE6F65C-5001-4FF0-8683-170A33E7A49E}.Debug|x86.Build.0 = Debug|Any CPU
		{1EE6F65C-5001-4FF0-8683-170A33E7A49E}.Release|Any CPU.ActiveCfg = Release|Any CPU
		{1EE6F65C-5001-4FF0-8683-170A33E7A49E}.Release|Any CPU.Build.0 = Release|Any CPU
		{1EE6F65C-5001-4FF0-8683-170A33E7A49E}.Release|x64.ActiveCfg = Release|Any CPU
		{1EE6F65C-5001-4FF0-8683-170A33E7A49E}.Release|x64.Build.0 = Release|Any CPU
		{1EE6F65C-5001-4FF0-8683-170A33E7A49E}.Release|x86.ActiveCfg = Release|Any CPU
		{1EE6F65C-5001-4FF0-8683-170A33E7A49E}.Release|x86.Build.0 = Release|Any CPU
		{AC6AAC33-8639-4FBB-B5DB-83917378FAE2}.Debug|Any CPU.ActiveCfg = Debug|Any CPU
		{AC6AAC33-8639-4FBB-B5DB-83917378FAE2}.Debug|Any CPU.Build.0 = Debug|Any CPU
		{AC6AAC33-8639-4FBB-B5DB-83917378FAE2}.Debug|x64.ActiveCfg = Debug|Any CPU
		{AC6AAC33-8639-4FBB-B5DB-83917378FAE2}.Debug|x64.Build.0 = Debug|Any CPU
		{AC6AAC33-8639-4FBB-B5DB-83917378FAE2}.Debug|x86.ActiveCfg = Debug|Any CPU
		{AC6AAC33-8639-4FBB-B5DB-83917378FAE2}.Debug|x86.Build.0 = Debug|Any CPU
		{AC6AAC33-8639-4FBB-B5DB-83917378FAE2}.Release|Any CPU.ActiveCfg = Release|Any CPU
		{AC6AAC33-8639-4FBB-B5DB-83917378FAE2}.Release|Any CPU.Build.0 = Release|Any CPU
		{AC6AAC33-8639-4FBB-B5DB-83917378FAE2}.Release|x64.ActiveCfg = Release|Any CPU
		{AC6AAC33-8639-4FBB-B5DB-83917378FAE2}.Release|x64.Build.0 = Release|Any CPU
		{AC6AAC33-8639-4FBB-B5DB-83917378FAE2}.Release|x86.ActiveCfg = Release|Any CPU
		{AC6AAC33-8639-4FBB-B5DB-83917378FAE2}.Release|x86.Build.0 = Release|Any CPU
		{F7BF6398-9B59-459E-B813-CFDA8EA53034}.Debug|Any CPU.ActiveCfg = Debug|Any CPU
		{F7BF6398-9B59-459E-B813-CFDA8EA53034}.Debug|Any CPU.Build.0 = Debug|Any CPU
		{F7BF6398-9B59-459E-B813-CFDA8EA53034}.Debug|x64.ActiveCfg = Debug|Any CPU
		{F7BF6398-9B59-459E-B813-CFDA8EA53034}.Debug|x64.Build.0 = Debug|Any CPU
		{F7BF6398-9B59-459E-B813-CFDA8EA53034}.Debug|x86.ActiveCfg = Debug|Any CPU
		{F7BF6398-9B59-459E-B813-CFDA8EA53034}.Debug|x86.Build.0 = Debug|Any CPU
		{F7BF6398-9B59-459E-B813-CFDA8EA53034}.Release|Any CPU.ActiveCfg = Release|Any CPU
		{F7BF6398-9B59-459E-B813-CFDA8EA53034}.Release|Any CPU.Build.0 = Release|Any CPU
		{F7BF6398-9B59-459E-B813-CFDA8EA53034}.Release|x64.ActiveCfg = Release|Any CPU
		{F7BF6398-9B59-459E-B813-CFDA8EA53034}.Release|x64.Build.0 = Release|Any CPU
		{F7BF6398-9B59-459E-B813-CFDA8EA53034}.Release|x86.ActiveCfg = Release|Any CPU
		{F7BF6398-9B59-459E-B813-CFDA8EA53034}.Release|x86.Build.0 = Release|Any CPU
		{6E3C8A63-1A35-403F-BD45-B432C2956B96}.Debug|Any CPU.ActiveCfg = Debug|Any CPU
		{6E3C8A63-1A35-403F-BD45-B432C2956B96}.Debug|Any CPU.Build.0 = Debug|Any CPU
		{6E3C8A63-1A35-403F-BD45-B432C2956B96}.Debug|x64.ActiveCfg = Debug|Any CPU
		{6E3C8A63-1A35-403F-BD45-B432C2956B96}.Debug|x64.Build.0 = Debug|Any CPU
		{6E3C8A63-1A35-403F-BD45-B432C2956B96}.Debug|x86.ActiveCfg = Debug|Any CPU
		{6E3C8A63-1A35-403F-BD45-B432C2956B96}.Debug|x86.Build.0 = Debug|Any CPU
		{6E3C8A63-1A35-403F-BD45-B432C2956B96}.Release|Any CPU.ActiveCfg = Release|Any CPU
		{6E3C8A63-1A35-403F-BD45-B432C2956B96}.Release|Any CPU.Build.0 = Release|Any CPU
		{6E3C8A63-1A35-403F-BD45-B432C2956B96}.Release|x64.ActiveCfg = Release|Any CPU
		{6E3C8A63-1A35-403F-BD45-B432C2956B96}.Release|x64.Build.0 = Release|Any CPU
		{6E3C8A63-1A35-403F-BD45-B432C2956B96}.Release|x86.ActiveCfg = Release|Any CPU
		{6E3C8A63-1A35-403F-BD45-B432C2956B96}.Release|x86.Build.0 = Release|Any CPU
		{926EBD70-54B4-44E8-9855-60F5EBF56AAD}.Debug|Any CPU.ActiveCfg = Debug|Any CPU
		{926EBD70-54B4-44E8-9855-60F5EBF56AAD}.Debug|Any CPU.Build.0 = Debug|Any CPU
		{926EBD70-54B4-44E8-9855-60F5EBF56AAD}.Debug|x64.ActiveCfg = Debug|Any CPU
		{926EBD70-54B4-44E8-9855-60F5EBF56AAD}.Debug|x64.Build.0 = Debug|Any CPU
		{926EBD70-54B4-44E8-9855-60F5EBF56AAD}.Debug|x86.ActiveCfg = Debug|Any CPU
		{926EBD70-54B4-44E8-9855-60F5EBF56AAD}.Debug|x86.Build.0 = Debug|Any CPU
		{926EBD70-54B4-44E8-9855-60F5EBF56AAD}.Release|Any CPU.ActiveCfg = Release|Any CPU
		{926EBD70-54B4-44E8-9855-60F5EBF56AAD}.Release|Any CPU.Build.0 = Release|Any CPU
		{926EBD70-54B4-44E8-9855-60F5EBF56AAD}.Release|x64.ActiveCfg = Release|Any CPU
		{926EBD70-54B4-44E8-9855-60F5EBF56AAD}.Release|x64.Build.0 = Release|Any CPU
		{926EBD70-54B4-44E8-9855-60F5EBF56AAD}.Release|x86.ActiveCfg = Release|Any CPU
		{926EBD70-54B4-44E8-9855-60F5EBF56AAD}.Release|x86.Build.0 = Release|Any CPU
		{093C65C2-28E0-4A57-A5BC-A7A9060C0454}.Debug|Any CPU.ActiveCfg = Debug|Any CPU
		{093C65C2-28E0-4A57-A5BC-A7A9060C0454}.Debug|Any CPU.Build.0 = Debug|Any CPU
		{093C65C2-28E0-4A57-A5BC-A7A9060C0454}.Debug|x64.ActiveCfg = Debug|Any CPU
		{093C65C2-28E0-4A57-A5BC-A7A9060C0454}.Debug|x64.Build.0 = Debug|Any CPU
		{093C65C2-28E0-4A57-A5BC-A7A9060C0454}.Debug|x86.ActiveCfg = Debug|Any CPU
		{093C65C2-28E0-4A57-A5BC-A7A9060C0454}.Debug|x86.Build.0 = Debug|Any CPU
		{093C65C2-28E0-4A57-A5BC-A7A9060C0454}.Release|Any CPU.ActiveCfg = Release|Any CPU
		{093C65C2-28E0-4A57-A5BC-A7A9060C0454}.Release|Any CPU.Build.0 = Release|Any CPU
		{093C65C2-28E0-4A57-A5BC-A7A9060C0454}.Release|x64.ActiveCfg = Release|Any CPU
		{093C65C2-28E0-4A57-A5BC-A7A9060C0454}.Release|x64.Build.0 = Release|Any CPU
		{093C65C2-28E0-4A57-A5BC-A7A9060C0454}.Release|x86.ActiveCfg = Release|Any CPU
		{093C65C2-28E0-4A57-A5BC-A7A9060C0454}.Release|x86.Build.0 = Release|Any CPU
		{1AA191B3-8C58-4BCF-B87C-001D8C0F0C69}.Debug|Any CPU.ActiveCfg = Debug|Any CPU
		{1AA191B3-8C58-4BCF-B87C-001D8C0F0C69}.Debug|Any CPU.Build.0 = Debug|Any CPU
		{1AA191B3-8C58-4BCF-B87C-001D8C0F0C69}.Debug|x64.ActiveCfg = Debug|Any CPU
		{1AA191B3-8C58-4BCF-B87C-001D8C0F0C69}.Debug|x64.Build.0 = Debug|Any CPU
		{1AA191B3-8C58-4BCF-B87C-001D8C0F0C69}.Debug|x86.ActiveCfg = Debug|Any CPU
		{1AA191B3-8C58-4BCF-B87C-001D8C0F0C69}.Debug|x86.Build.0 = Debug|Any CPU
		{1AA191B3-8C58-4BCF-B87C-001D8C0F0C69}.Release|Any CPU.ActiveCfg = Release|Any CPU
		{1AA191B3-8C58-4BCF-B87C-001D8C0F0C69}.Release|Any CPU.Build.0 = Release|Any CPU
		{1AA191B3-8C58-4BCF-B87C-001D8C0F0C69}.Release|x64.ActiveCfg = Release|Any CPU
		{1AA191B3-8C58-4BCF-B87C-001D8C0F0C69}.Release|x64.Build.0 = Release|Any CPU
		{1AA191B3-8C58-4BCF-B87C-001D8C0F0C69}.Release|x86.ActiveCfg = Release|Any CPU
		{1AA191B3-8C58-4BCF-B87C-001D8C0F0C69}.Release|x86.Build.0 = Release|Any CPU
		{06691C11-8A7B-4A83-8E18-70563E19FCB7}.Debug|Any CPU.ActiveCfg = Debug|Any CPU
		{06691C11-8A7B-4A83-8E18-70563E19FCB7}.Debug|Any CPU.Build.0 = Debug|Any CPU
		{06691C11-8A7B-4A83-8E18-70563E19FCB7}.Debug|x64.ActiveCfg = Debug|Any CPU
		{06691C11-8A7B-4A83-8E18-70563E19FCB7}.Debug|x64.Build.0 = Debug|Any CPU
		{06691C11-8A7B-4A83-8E18-70563E19FCB7}.Debug|x86.ActiveCfg = Debug|Any CPU
		{06691C11-8A7B-4A83-8E18-70563E19FCB7}.Debug|x86.Build.0 = Debug|Any CPU
		{06691C11-8A7B-4A83-8E18-70563E19FCB7}.Release|Any CPU.ActiveCfg = Release|Any CPU
		{06691C11-8A7B-4A83-8E18-70563E19FCB7}.Release|Any CPU.Build.0 = Release|Any CPU
		{06691C11-8A7B-4A83-8E18-70563E19FCB7}.Release|x64.ActiveCfg = Release|Any CPU
		{06691C11-8A7B-4A83-8E18-70563E19FCB7}.Release|x64.Build.0 = Release|Any CPU
		{06691C11-8A7B-4A83-8E18-70563E19FCB7}.Release|x86.ActiveCfg = Release|Any CPU
		{06691C11-8A7B-4A83-8E18-70563E19FCB7}.Release|x86.Build.0 = Release|Any CPU
	EndGlobalSection
	GlobalSection(SolutionProperties) = preSolution
		HideSolutionNode = FALSE
	EndGlobalSection
	GlobalSection(NestedProjects) = preSolution
		{F515C564-25F7-45FD-BC94-77C362713A85} = {827E0CD3-B72D-47B6-A68D-7590B98EB39B}
		{0A548738-C4C6-4CFA-8A9F-0823FF97C091} = {827E0CD3-B72D-47B6-A68D-7590B98EB39B}
		{B0D3E0A5-B2A0-426E-988C-02FF4DF3F8E3} = {827E0CD3-B72D-47B6-A68D-7590B98EB39B}
		{1F5E7F72-9D51-4D1E-BFE0-26060A83A48B} = {827E0CD3-B72D-47B6-A68D-7590B98EB39B}
		{1EE6F65C-5001-4FF0-8683-170A33E7A49E} = {827E0CD3-B72D-47B6-A68D-7590B98EB39B}
		{AC6AAC33-8639-4FBB-B5DB-83917378FAE2} = {827E0CD3-B72D-47B6-A68D-7590B98EB39B}
		{F7BF6398-9B59-459E-B813-CFDA8EA53034} = {827E0CD3-B72D-47B6-A68D-7590B98EB39B}
		{6E3C8A63-1A35-403F-BD45-B432C2956B96} = {5D20AA90-6969-D8BD-9DCD-8634F4692FDA}
		{926EBD70-54B4-44E8-9855-60F5EBF56AAD} = {0AB3BF05-4346-4AA6-1389-037BE0695223}
		{093C65C2-28E0-4A57-A5BC-A7A9060C0454} = {0AB3BF05-4346-4AA6-1389-037BE0695223}
		{1AA191B3-8C58-4BCF-B87C-001D8C0F0C69} = {0AB3BF05-4346-4AA6-1389-037BE0695223}
		{06691C11-8A7B-4A83-8E18-70563E19FCB7} = {5D20AA90-6969-D8BD-9DCD-8634F4692FDA}
	EndGlobalSection
EndGlobal
